{
  "name": "rabbitmq",
  "version": "1.0.0",
  "lockfileVersion": 1,
  "requires": true,
  "dependencies": {
    "@types/amqplib": {
      "version": "0.5.14",
      "resolved": "http://nexus.mwbyd.cn/nexus/content/groups/npm-group/@types/amqplib/-/amqplib-0.5.14.tgz",
      "integrity": "sha1-+csncHqaDHxJOFDEHU6TUgxRv1c=",
      "requires": {
        "@types/bluebird": "*",
        "@types/node": "*"
      }
    },
    "@types/bluebird": {
      "version": "3.5.32",
      "resolved": "http://nexus.mwbyd.cn/nexus/content/groups/npm-group/@types/bluebird/-/bluebird-3.5.32.tgz",
      "integrity": "sha1-OB57WeOfAQ0gu/fgROSPXK8atiA="
    },
    "@types/node": {
      "version": "14.14.2",
      "resolved": "http://nexus.mwbyd.cn/nexus/content/groups/npm-group/@types/node/-/node-14.14.2.tgz",
      "integrity": "sha1-0lKV+eTKWYmixhB1TcAqlyEjXus="
    },
    "amqplib": {
      "version": "0.6.0",
      "resolved": "http://nexus.mwbyd.cn/nexus/content/groups/npm-group/amqplib/-/amqplib-0.6.0.tgz",
      "integrity": "sha1-h4V8fJXVbSJDjO1M8ffl8NxDswk=",
      "requires": {
        "bitsyntax": "~0.1.0",
        "bluebird": "^3.5.2",
        "buffer-more-ints": "~1.0.0",
        "readable-stream": "1.x >=1.1.9",
        "safe-buffer": "~5.1.2",
        "url-parse": "~1.4.3"
      }
    },
    "bitsyntax": {
      "version": "0.1.0",
      "resolved": "http://nexus.mwbyd.cn/nexus/content/groups/npm-group/bitsyntax/-/bitsyntax-0.1.0.tgz",
      "integrity": "sha1-sMWazvA1Bd5aLtYqL3Y8Vq4dYgU=",
      "requires": {
        "buffer-more-ints": "~1.0.0",
        "debug": "~2.6.9",
        "safe-buffer": "~5.1.2"
      }
    },
    "bluebird": {
      "version": "3.7.2",
      "resolved": "http://nexus.mwbyd.cn/nexus/content/groups/npm-group/bluebird/-/bluebird-3.7.2.tgz",
      "integrity": "sha1-nyKcFb4nJFT/qXOs4NvueaGww28="
    },
    "buffer-more-ints": {
      "version": "1.0.0",
      "resolved": "http://nexus.mwbyd.cn/nexus/content/groups/npm-group/buffer-more-ints/-/buffer-more-ints-1.0.0.tgz",
      "integrity": "sha1-70+OLd261CntOCipxV1E8FxhFCI="
    },
    "core-util-is": {
      "version": "1.0.2",
      "resolved": "http://nexus.mwbyd.cn/nexus/content/groups/npm-group/core-util-is/-/core-util-is-1.0.2.tgz",
      "integrity": "sha1-tf1UIgqivFq1eqtxQMlAdUUDwac="
    },
    "debug": {
      "version": "2.6.9",
      "resolved": "http://nexus.mwbyd.cn/nexus/content/groups/npm-group/debug/-/debug-2.6.9.tgz",
      "integrity": "sha1-XRKFFd8TT/Mn6QpMk/Tgd6U2NB8=",
      "requires": {
        "ms": "2.0.0"
      }
    },
    "inherits": {
      "version": "2.0.4",
      "resolved": "http://nexus.mwbyd.cn/nexus/content/groups/npm-group/inherits/-/inherits-2.0.4.tgz",
      "integrity": "sha1-D6LGT5MpF8NDOg3tVTY6rjdBa3w="
    },
    "isarray": {
      "version": "0.0.1",
      "resolved": "http://nexus.mwbyd.cn/nexus/content/groups/npm-group/isarray/-/isarray-0.0.1.tgz",
      "integrity": "sha1-ihis/Kmo9Bd+Cav8YDiTmwXR7t8="
    },
    "ms": {
      "version": "2.0.0",
      "resolved": "http://nexus.mwbyd.cn/nexus/content/groups/npm-group/ms/-/ms-2.0.0.tgz",
      "integrity": "sha1-VgiurfwAvmwpAd9fmGF4jeDVl8g="
    },
    "querystringify": {
      "version": "2.2.0",
      "resolved": "http://nexus.mwbyd.cn/nexus/content/groups/npm-group/querystringify/-/querystringify-2.2.0.tgz",
      "integrity": "sha1-M0WUG0FTy50ILY7uTNogFqmu9/Y="
    },
    "readable-stream": {
      "version": "1.1.14",
      "resolved": "http://nexus.mwbyd.cn/nexus/content/groups/npm-group/readable-stream/-/readable-stream-1.1.14.tgz",
      "integrity": "sha1-fPTFTvZI44EwhMY23SB54WbAgdk=",
      "requires": {
        "core-util-is": "~1.0.0",
        "inherits": "~2.0.1",
        "isarray": "0.0.1",
        "string_decoder": "~0.10.x"
      }
    },
    "requires-port": {
      "version": "1.0.0",
      "resolved": "http://nexus.mwbyd.cn/nexus/content/groups/npm-group/requires-port/-/requires-port-1.0.0.tgz",
      "integrity": "sha1-kl0mAdOaxIXgkc8NpcbmlNw9yv8="
    },
    "safe-buffer": {
      "version": "5.1.2",
      "resolved": "http://nexus.mwbyd.cn/nexus/content/groups/npm-group/safe-buffer/-/safe-buffer-5.1.2.tgz",
      "integrity": "sha1-mR7GnSluAxN0fVm9/St0XDX4go0="
    },
    "string_decoder": {
      "version": "0.10.31",
      "resolved": "http://nexus.mwbyd.cn/nexus/content/groups/npm-group/string_decoder/-/string_decoder-0.10.31.tgz",
      "integrity": "sha1-YuIDvEF2bGwoyfyEMB2rHFMQ+pQ="
    },
    "url-parse": {
      "version": "1.4.7",
      "resolved": "http://nexus.mwbyd.cn/nexus/content/groups/npm-group/url-parse/-/url-parse-1.4.7.tgz",
      "integrity": "sha1-qKg1NejACjFuQDpdtKwbm4U64ng=",
      "requires": {
        "querystringify": "^2.1.1",
        "requires-port": "^1.0.0"
      }
    }
  }
}
