{
  "requires": true,
  "lockfileVersion": 1,
  "dependencies": {
    "cluster-key-slot": {
      "version": "1.1.0",
      "resolved": "http://nexus.mwbyd.cn/nexus/content/groups/npm-group/cluster-key-slot/-/cluster-key-slot-1.1.0.tgz",
      "integrity": "sha1-MEdLKpgfsSFyaVgzBSvA0BM20Q0="
    },
    "debug": {
      "version": "4.2.0",
      "resolved": "http://nexus.mwbyd.cn/nexus/content/groups/npm-group/debug/-/debug-4.2.0.tgz",
      "integrity": "sha1-fxUPk5IOlMWPVXTC/QGjEQ7/5/E=",
      "requires": {
        "ms": "2.1.2"
      }
    },
    "denque": {
      "version": "1.4.1",
      "resolved": "http://nexus.mwbyd.cn/nexus/content/groups/npm-group/denque/-/denque-1.4.1.tgz",
      "integrity": "sha1-Z0T/dkHBSMP4ppwwflEjXB9KN88="
    },
    "ioredis": {
      "version": "4.19.2",
      "resolved": "http://nexus.mwbyd.cn/nexus/content/groups/npm-group/ioredis/-/ioredis-4.19.2.tgz",
      "integrity": "sha1-4+qzlMZTzqWuoHwMeE2Mdy3OiAE=",
      "requires": {
        "cluster-key-slot": "^1.1.0",
        "debug": "^4.1.1",
        "denque": "^1.1.0",
        "lodash.defaults": "^4.2.0",
        "lodash.flatten": "^4.4.0",
        "p-map": "^2.1.0",
        "redis-commands": "1.6.0",
        "redis-errors": "^1.2.0",
        "redis-parser": "^3.0.0",
        "standard-as-callback": "^2.0.1"
      }
    },
    "lodash.defaults": {
      "version": "4.2.0",
      "resolved": "http://nexus.mwbyd.cn/nexus/content/groups/npm-group/lodash.defaults/-/lodash.defaults-4.2.0.tgz",
      "integrity": "sha1-0JF4cW/+pN3p5ft7N/bwgCJ0WAw="
    },
    "lodash.flatten": {
      "version": "4.4.0",
      "resolved": "http://nexus.mwbyd.cn/nexus/content/groups/npm-group/lodash.flatten/-/lodash.flatten-4.4.0.tgz",
      "integrity": "sha1-8xwiIlqWMtK7+OSt2+8kCqdlph8="
    },
    "ms": {
      "version": "2.1.2",
      "resolved": "http://nexus.mwbyd.cn/nexus/content/groups/npm-group/ms/-/ms-2.1.2.tgz",
      "integrity": "sha1-0J0fNXtEP0kzgqjrPM0YOHKuYAk="
    },
    "p-map": {
      "version": "2.1.0",
      "resolved": "http://nexus.mwbyd.cn/nexus/content/groups/npm-group/p-map/-/p-map-2.1.0.tgz",
      "integrity": "sha1-MQko/u+cnsxltosXaTAYpmXOoXU="
    },
    "redis-commands": {
      "version": "1.6.0",
      "resolved": "http://nexus.mwbyd.cn/nexus/content/groups/npm-group/redis-commands/-/redis-commands-1.6.0.tgz",
      "integrity": "sha1-NtTKQq6e0pgVzbMK2fl5guuhziM="
    },
    "redis-errors": {
      "version": "1.2.0",
      "resolved": "http://nexus.mwbyd.cn/nexus/content/groups/npm-group/redis-errors/-/redis-errors-1.2.0.tgz",
      "integrity": "sha1-62LSrbFeTq9GEMBK/hUpOEJQq60="
    },
    "redis-parser": {
      "version": "3.0.0",
      "resolved": "http://nexus.mwbyd.cn/nexus/content/groups/npm-group/redis-parser/-/redis-parser-3.0.0.tgz",
      "integrity": "sha1-tm2CjNyv5rS4pCin3vTGvKwxyLQ=",
      "requires": {
        "redis-errors": "^1.0.0"
      }
    },
    "standard-as-callback": {
      "version": "2.0.1",
      "resolved": "http://nexus.mwbyd.cn/nexus/content/groups/npm-group/standard-as-callback/-/standard-as-callback-2.0.1.tgz",
      "integrity": "sha1-7YuyVkjhWDF1m2Ajvbh+a2CzgSY="
    }
  }
}
